
Microsoft Visual Studio Solution File, Format Version 12.00
# Visual Studio Version 17
VisualStudioVersion = 17.3.32929.385
MinimumVisualStudioVersion = 10.0.40219.1
Project("{888888A0-9F3D-457C-B088-3A5042F75D52}") = "WeatherAPI", "WeatherAPI\WeatherAPI.pyproj", "{4317D84F-5CB6-4D1D-A302-C602493545A8}"
EndProject
Global
	GlobalSection(SolutionConfigurationPlatforms) = preSolution
		Debug|Any CPU = Debug|Any CPU
		Release|Any CPU = Release|Any CPU
	EndGlobalSection
	GlobalSection(ProjectConfigurationPlatforms) = postSolution
		{4317D84F-5CB6-4D1D-A302-C602493545A8}.Debug|Any CPU.ActiveCfg = Debug|Any CPU
		{4317D84F-5CB6-4D1D-A302-C602493545A8}.Release|Any CPU.ActiveCfg = Release|Any CPU
	EndGlobalSection
	GlobalSection(SolutionProperties) = preSolution
		HideSolutionNode = FALSE
	EndGlobalSection
	GlobalSection(ExtensibilityGlobals) = postSolution
		SolutionGuid = {2A4B0110-B7C7-4885-B278-FF0BB2953D58}
	EndGlobalSection
EndGlobal
